
Microsoft Visual Studio Solution File, Format Version 12.00
# Visual Studio Version 17
VisualStudioVersion = 17.2.32616.157
MinimumVisualStudioVersion = 10.0.40219.1
Project("{888888A0-9F3D-457C-B088-3A5042F75D52}") = "BaseDeConhecimento", "BaseDeConhecimento.pyproj", "{FC1DA6A5-4416-46E2-8874-3CD5F661875A}"
EndProject
Global
	GlobalSection(SolutionConfigurationPlatforms) = preSolution
		Debug|Any CPU = Debug|Any CPU
		Release|Any CPU = Release|Any CPU
	EndGlobalSection
	GlobalSection(ProjectConfigurationPlatforms) = postSolution
		{FC1DA6A5-4416-46E2-8874-3CD5F661875A}.Debug|Any CPU.ActiveCfg = Debug|Any CPU
		{FC1DA6A5-4416-46E2-8874-3CD5F661875A}.Release|Any CPU.ActiveCfg = Release|Any CPU
	EndGlobalSection
	GlobalSection(SolutionProperties) = preSolution
		HideSolutionNode = FALSE
	EndGlobalSection
	GlobalSection(ExtensibilityGlobals) = postSolution
		SolutionGuid = {41388CCE-C612-49CB-B877-F4372B1D0C7C}
	EndGlobalSection
EndGlobal
